
Microsoft Visual Studio Solution File, Format Version 12.00
# Visual Studio Version 16
VisualStudioVersion = 16.0.32428.217
MinimumVisualStudioVersion = 10.0.40219.1
Project("{FAE04EC0-301F-11D3-BF4B-00C04F79EFBC}") = "HomeWork4", "HomeWork4\HomeWork4.csproj", "{963E27A4-67E3-41E8-A16C-5BB1E988AC5B}"
EndProject
Global
	GlobalSection(SolutionConfigurationPlatforms) = preSolution
		Debug|Any CPU = Debug|Any CPU
		Release|Any CPU = Release|Any CPU
	EndGlobalSection
	GlobalSection(ProjectConfigurationPlatforms) = postSolution
		{963E27A4-67E3-41E8-A16C-5BB1E988AC5B}.Debug|Any CPU.ActiveCfg = Debug|Any CPU
		{963E27A4-67E3-41E8-A16C-5BB1E988AC5B}.Debug|Any CPU.Build.0 = Debug|Any CPU
		{963E27A4-67E3-41E8-A16C-5BB1E988AC5B}.Release|Any CPU.ActiveCfg = Release|Any CPU
		{963E27A4-67E3-41E8-A16C-5BB1E988AC5B}.Release|Any CPU.Build.0 = Release|Any CPU
	EndGlobalSection
	GlobalSection(SolutionProperties) = preSolution
		HideSolutionNode = FALSE
	EndGlobalSection
	GlobalSection(ExtensibilityGlobals) = postSolution
		SolutionGuid = {B68EB922-DC7F-4E1C-9629-A264EB6C1B15}
	EndGlobalSection
EndGlobal
